
Microsoft Visual Studio Solution File, Format Version 10.00
# Visual Studio 2008
Project("{F184B08F-C81C-45F6-A57F-5ABD9991F28F}") = "AtualizaAutomaticoService", "AtualizaAutomaticoService\AtualizaAutomaticoService.vbproj", "{59B2DBAC-9989-4A98-8DBF-C5C18A83AB28}"
EndProject
Project("{F184B08F-C81C-45F6-A57F-5ABD9991F28F}") = "Importação Automática", "..\ImportaçãoAutomática.NET\Importação Automática.vbproj", "{3949CF98-F6B9-4B67-8423-6C2DF979D1F9}"
EndProject
Global
	GlobalSection(SolutionConfigurationPlatforms) = preSolution
		Debug|Any CPU = Debug|Any CPU
		Release|Any CPU = Release|Any CPU
	EndGlobalSection
	GlobalSection(ProjectConfigurationPlatforms) = postSolution
		{59B2DBAC-9989-4A98-8DBF-C5C18A83AB28}.Debug|Any CPU.ActiveCfg = Debug|Any CPU
		{59B2DBAC-9989-4A98-8DBF-C5C18A83AB28}.Debug|Any CPU.Build.0 = Debug|Any CPU
		{59B2DBAC-9989-4A98-8DBF-C5C18A83AB28}.Release|Any CPU.ActiveCfg = Release|Any CPU
		{59B2DBAC-9989-4A98-8DBF-C5C18A83AB28}.Release|Any CPU.Build.0 = Release|Any CPU
		{3949CF98-F6B9-4B67-8423-6C2DF979D1F9}.Debug|Any CPU.ActiveCfg = Debug|Any CPU
		{3949CF98-F6B9-4B67-8423-6C2DF979D1F9}.Debug|Any CPU.Build.0 = Debug|Any CPU
		{3949CF98-F6B9-4B67-8423-6C2DF979D1F9}.Release|Any CPU.ActiveCfg = Release|Any CPU
		{3949CF98-F6B9-4B67-8423-6C2DF979D1F9}.Release|Any CPU.Build.0 = Release|Any CPU
	EndGlobalSection
	GlobalSection(SolutionProperties) = preSolution
		HideSolutionNode = FALSE
	EndGlobalSection
EndGlobal
